{
  "name": "mmp-cli",
  "version": "1.0.45",
  "lockfileVersion": 1,
  "requires": true,
  "dependencies": {
    "@types/node": {
      "version": "12.0.0",
      "resolved": "https://registry.npm.taobao.org/@types/node/download/@types/node-12.0.0.tgz",
      "dev": true
    },
    "app-root-path": {
      "version": "2.2.1",
      "resolved": "https://registry.npm.taobao.org/app-root-path/download/app-root-path-2.2.1.tgz"
    },
    "bluebird": {
      "version": "3.5.4",
      "resolved": "https://registry.npm.taobao.org/bluebird/download/bluebird-3.5.4.tgz"
    },
    "boxen": {
      "version": "2.1.0",
      "resolved": "https://registry.npm.taobao.org/boxen/download/boxen-2.1.0.tgz",
      "requires": {
        "chalk": "^2.4.1"
      },
      "dependencies": {
        "ansi-align": {
          "version": "https://registry.npm.taobao.org/ansi-align/download/ansi-align-3.0.0.tgz",
          "bundled": true,
          "dependencies": {
            "string-width": {
              "version": "https://registry.npm.taobao.org/string-width/download/string-width-3.1.0.tgz",
              "bundled": true
            }
          }
        },
        "camelcase": {
          "version": "https://registry.npm.taobao.org/camelcase/download/camelcase-5.3.1.tgz",
          "bundled": true
        },
        "chalk": {
          "version": "https://registry.npm.taobao.org/chalk/download/chalk-2.4.2.tgz",
          "bundled": true,
          "dependencies": {
            "ansi-styles": {
              "version": "https://registry.npm.taobao.org/ansi-styles/download/ansi-styles-3.2.1.tgz"
            },
            "escape-string-regexp": {
              "version": "https://registry.npm.taobao.org/escape-string-regexp/download/escape-string-regexp-1.0.5.tgz"
            },
            "supports-color": {
              "version": "https://registry.npm.taobao.org/supports-color/download/supports-color-5.5.0.tgz"
            }
          }
        },
        "cli-boxes": {
          "version": "https://registry.npm.taobao.org/cli-boxes/download/cli-boxes-1.0.0.tgz",
          "bundled": true
        },
        "string-width": {
          "version": "https://registry.npm.taobao.org/string-width/download/string-width-3.1.0.tgz",
          "bundled": true,
          "dependencies": {
            "emoji-regex": {
              "version": "https://registry.npm.taobao.org/emoji-regex/download/emoji-regex-7.0.3.tgz?cache=0&other_urls=https%3A%2F%2Fregistry.npm.taobao.org%2Femoji-regex%2Fdownload%2Femoji-regex-7.0.3.tgz",
              "bundled": true
            },
            "is-fullwidth-code-point": {
              "version": "https://registry.npm.taobao.org/is-fullwidth-code-point/download/is-fullwidth-code-point-2.0.0.tgz?cache=0&other_urls=https%3A%2F%2Fregistry.npm.taobao.org%2Fis-fullwidth-code-point%2Fdownload%2Fis-fullwidth-code-point-2.0.0.tgz",
              "bundled": true
            },
            "strip-ansi": {
              "version": "https://registry.npm.taobao.org/strip-ansi/download/strip-ansi-5.2.0.tgz",
              "bundled": true,
              "dependencies": {
                "ansi-regex": {
                  "version": "https://registry.npm.taobao.org/ansi-regex/download/ansi-regex-4.1.0.tgz?cache=0&other_urls=https%3A%2F%2Fregistry.npm.taobao.org%2Fansi-regex%2Fdownload%2Fansi-regex-4.1.0.tgz"
                }
              }
            }
          }
        },
        "term-size": {
          "version": "https://registry.npm.taobao.org/term-size/download/term-size-1.2.0.tgz",
          "bundled": true
        },
        "widest-line": {
          "version": "https://registry.npm.taobao.org/widest-line/download/widest-line-2.0.1.tgz",
          "bundled": true
        }
      }
    },
    "chalk": {
      "version": "2.4.2",
      "resolved": "https://registry.npm.taobao.org/chalk/download/chalk-2.4.2.tgz",
      "dependencies": {
        "ansi-styles": {
          "version": "https://registry.npm.taobao.org/ansi-styles/download/ansi-styles-3.2.1.tgz"
        },
        "escape-string-regexp": {
          "version": "https://registry.npm.taobao.org/escape-string-regexp/download/escape-string-regexp-1.0.5.tgz"
        },
        "supports-color": {
          "version": "https://registry.npm.taobao.org/supports-color/download/supports-color-5.5.0.tgz"
        }
      }
    },
    "colors": {
      "version": "1.3.3",
      "resolved": "https://registry.npm.taobao.org/colors/download/colors-1.3.3.tgz"
    },
    "commander": {
      "version": "2.20.0",
      "resolved": "https://registry.npm.taobao.org/commander/download/commander-2.20.0.tgz"
    },
    "eslint": {
      "version": "5.16.0",
      "resolved": "https://registry.npm.taobao.org/eslint/download/eslint-5.16.0.tgz",
      "dev": true,
      "requires": {
        "chalk": "^2.1.0",
        "inquirer": "^6.2.2"
      },
      "dependencies": {
        "@babel/code-frame": {
          "version": "https://registry.npm.taobao.org/@babel/code-frame/download/@babel/code-frame-7.0.0.tgz",
          "dependencies": {
            "@babel/highlight": {
              "version": "https://registry.npm.taobao.org/@babel/highlight/download/@babel/highlight-7.0.0.tgz",
              "bundled": true
            }
          }
        },
        "ajv": {
          "version": "https://registry.npm.taobao.org/ajv/download/ajv-6.10.0.tgz",
          "dependencies": {
            "fast-deep-equal": {
              "version": "https://registry.npm.taobao.org/fast-deep-equal/download/fast-deep-equal-2.0.1.tgz",
              "bundled": true
            },
            "fast-json-stable-stringify": {
              "version": "https://registry.npm.taobao.org/fast-json-stable-stringify/download/fast-json-stable-stringify-2.0.0.tgz",
              "bundled": true
            },
            "json-schema-traverse": {
              "version": "https://registry.npm.taobao.org/json-schema-traverse/download/json-schema-traverse-0.4.1.tgz",
              "bundled": true
            },
            "uri-js": {
              "version": "https://registry.npm.taobao.org/uri-js/download/uri-js-4.2.2.tgz",
              "bundled": true
            }
          }
        },
        "chalk": {
          "version": "https://registry.npm.taobao.org/chalk/download/chalk-2.4.2.tgz",
          "dependencies": {
            "ansi-styles": {
              "version": "https://registry.npm.taobao.org/ansi-styles/download/ansi-styles-3.2.1.tgz"
            },
            "escape-string-regexp": {
              "version": "https://registry.npm.taobao.org/escape-string-regexp/download/escape-string-regexp-1.0.5.tgz"
            },
            "supports-color": {
              "version": "https://registry.npm.taobao.org/supports-color/download/supports-color-5.5.0.tgz"
            }
          }
        },
        "cross-spawn": {
          "version": "https://registry.npm.taobao.org/cross-spawn/download/cross-spawn-6.0.5.tgz",
          "dependencies": {
            "nice-try": {
              "version": "https://registry.npm.taobao.org/nice-try/download/nice-try-1.0.5.tgz"
            },
            "path-key": {
              "version": "https://registry.npm.taobao.org/path-key/download/path-key-2.0.1.tgz"
            },
            "semver": {
              "version": "https://registry.npm.taobao.org/semver/download/semver-5.7.0.tgz"
            },
            "shebang-command": {
              "version": "https://registry.npm.taobao.org/shebang-command/download/shebang-command-1.2.0.tgz",
              "dependencies": {
                "shebang-regex": {
                  "version": "https://registry.npm.taobao.org/shebang-regex/download/shebang-regex-1.0.0.tgz",
                  "bundled": true
                }
              }
            },
            "which": {
              "version": "https://registry.npm.taobao.org/which/download/which-1.3.1.tgz"
            }
          }
        },
        "debug": {
          "version": "https://registry.npm.taobao.org/debug/download/debug-4.1.1.tgz"
        },
        "doctrine": {
          "version": "https://registry.npm.taobao.org/doctrine/download/doctrine-3.0.0.tgz"
        },
        "eslint-scope": {
          "version": "https://registry.npm.taobao.org/eslint-scope/download/eslint-scope-4.0.3.tgz"
        },
        "eslint-utils": {
          "version": "https://registry.npm.taobao.org/eslint-utils/download/eslint-utils-1.3.1.tgz"
        },
        "eslint-visitor-keys": {
          "version": "https://registry.npm.taobao.org/eslint-visitor-keys/download/eslint-visitor-keys-1.0.0.tgz"
        },
        "espree": {
          "version": "https://registry.npm.taobao.org/espree/download/espree-5.0.1.tgz"
        },
        "esquery": {
          "version": "https://registry.npm.taobao.org/esquery/download/esquery-1.0.1.tgz"
        },
        "esutils": {
          "version": "https://registry.npm.taobao.org/esutils/download/esutils-2.0.2.tgz"
        },
        "file-entry-cache": {
          "version": "https://registry.npm.taobao.org/file-entry-cache/download/file-entry-cache-5.0.1.tgz"
        },
        "functional-red-black-tree": {
          "version": "https://registry.npm.taobao.org/functional-red-black-tree/download/functional-red-black-tree-1.0.1.tgz"
        },
        "glob": {
          "version": "https://registry.npm.taobao.org/glob/download/glob-7.1.3.tgz",
          "dependencies": {
            "fs.realpath": {
              "version": "https://registry.npm.taobao.org/fs.realpath/download/fs.realpath-1.0.0.tgz"
            },
            "inflight": {
              "version": "https://registry.npm.taobao.org/inflight/download/inflight-1.0.6.tgz"
            },
            "inherits": {
              "version": "https://registry.npm.taobao.org/inherits/download/inherits-2.0.3.tgz"
            },
            "minimatch": {
              "version": "https://registry.npm.taobao.org/minimatch/download/minimatch-3.0.4.tgz"
            },
            "once": {
              "version": "https://registry.npm.taobao.org/once/download/once-1.4.0.tgz",
              "dependencies": {
                "wrappy": {
                  "version": "https://registry.npm.taobao.org/wrappy/download/wrappy-1.0.2.tgz",
                  "bundled": true
                }
              }
            },
            "path-is-absolute": {
              "version": "https://registry.npm.taobao.org/path-is-absolute/download/path-is-absolute-1.0.1.tgz"
            }
          }
        },
        "globals": {
          "version": "https://registry.npm.taobao.org/globals/download/globals-11.12.0.tgz"
        },
        "ignore": {
          "version": "https://registry.npm.taobao.org/ignore/download/ignore-4.0.6.tgz"
        },
        "import-fresh": {
          "version": "https://registry.npm.taobao.org/import-fresh/download/import-fresh-3.0.0.tgz"
        },
        "imurmurhash": {
          "version": "https://registry.npm.taobao.org/imurmurhash/download/imurmurhash-0.1.4.tgz"
        },
        "inquirer": {
          "version": "https://registry.npm.taobao.org/inquirer/download/inquirer-6.3.1.tgz"
        },
        "js-yaml": {
          "version": "https://registry.npm.taobao.org/js-yaml/download/js-yaml-3.13.1.tgz"
        },
        "json-stable-stringify-without-jsonify": {
          "version": "https://registry.npm.taobao.org/json-stable-stringify-without-jsonify/download/json-stable-stringify-without-jsonify-1.0.1.tgz"
        },
        "levn": {
          "version": "https://registry.npm.taobao.org/levn/download/levn-0.3.0.tgz"
        },
        "lodash": {
          "version": "https://registry.npm.taobao.org/lodash/download/lodash-4.17.11.tgz"
        },
        "minimatch": {
          "version": "https://registry.npm.taobao.org/minimatch/download/minimatch-3.0.4.tgz",
          "dependencies": {
            "brace-expansion": {
              "version": "https://registry.npm.taobao.org/brace-expansion/download/brace-expansion-1.1.11.tgz",
              "bundled": true
            }
          }
        },
        "mkdirp": {
          "version": "https://registry.npm.taobao.org/mkdirp/download/mkdirp-0.5.1.tgz",
          "dependencies": {
            "minimist": {
              "version": "https://registry.npm.taobao.org/minimist/download/minimist-0.0.8.tgz"
            }
          }
        },
        "natural-compare": {
          "version": "https://registry.npm.taobao.org/natural-compare/download/natural-compare-1.4.0.tgz"
        },
        "optionator": {
          "version": "https://registry.npm.taobao.org/optionator/download/optionator-0.8.2.tgz"
        },
        "path-is-inside": {
          "version": "https://registry.npm.taobao.org/path-is-inside/download/path-is-inside-1.0.2.tgz"
        },
        "progress": {
          "version": "https://registry.npm.taobao.org/progress/download/progress-2.0.3.tgz"
        },
        "regexpp": {
          "version": "https://registry.npm.taobao.org/regexpp/download/regexpp-2.0.1.tgz"
        },
        "semver": {
          "version": "https://registry.npm.taobao.org/semver/download/semver-5.7.0.tgz"
        },
        "strip-ansi": {
          "version": "https://registry.npm.taobao.org/strip-ansi/download/strip-ansi-4.0.0.tgz",
          "dependencies": {
            "ansi-regex": {
              "version": "https://registry.npm.taobao.org/ansi-regex/download/ansi-regex-3.0.0.tgz?cache=0&other_urls=https%3A%2F%2Fregistry.npm.taobao.org%2Fansi-regex%2Fdownload%2Fansi-regex-3.0.0.tgz"
            }
          }
        },
        "strip-json-comments": {
          "version": "https://registry.npm.taobao.org/strip-json-comments/download/strip-json-comments-2.0.1.tgz"
        },
        "table": {
          "version": "https://registry.npm.taobao.org/table/download/table-5.2.3.tgz"
        },
        "text-table": {
          "version": "https://registry.npm.taobao.org/text-table/download/text-table-0.2.0.tgz"
        }
      }
    },
    "eslint-config-standard": {
      "version": "12.0.0",
      "resolved": "https://registry.npm.taobao.org/eslint-config-standard/download/eslint-config-standard-12.0.0.tgz",
      "dev": true
    },
    "eslint-plugin-promise": {
      "version": "4.1.1",
      "resolved": "https://registry.npm.taobao.org/eslint-plugin-promise/download/eslint-plugin-promise-4.1.1.tgz",
      "dev": true
    },
    "eslint-plugin-standard": {
      "version": "4.0.0",
      "resolved": "https://registry.npmjs.org/eslint-plugin-standard/-/eslint-plugin-standard-4.0.0.tgz",
      "integrity": "sha512-OwxJkR6TQiYMmt1EsNRMe5qG3GsbjlcOhbGUBY4LtavF9DsLaTcoR+j2Tdjqi23oUwKNUqX7qcn5fPStafMdlA==",
      "dev": true
    },
    "inquirer": {
      "version": "6.3.1",
      "resolved": "https://registry.npm.taobao.org/inquirer/download/inquirer-6.3.1.tgz",
      "requires": {
        "chalk": "^2.4.2"
      },
      "dependencies": {
        "ansi-escapes": {
          "version": "https://registry.npm.taobao.org/ansi-escapes/download/ansi-escapes-3.2.0.tgz",
          "bundled": true
        },
        "chalk": {
          "version": "https://registry.npm.taobao.org/chalk/download/chalk-2.4.2.tgz",
          "bundled": true,
          "dependencies": {
            "ansi-styles": {
              "version": "https://registry.npm.taobao.org/ansi-styles/download/ansi-styles-3.2.1.tgz"
            },
            "escape-string-regexp": {
              "version": "https://registry.npm.taobao.org/escape-string-regexp/download/escape-string-regexp-1.0.5.tgz"
            },
            "supports-color": {
              "version": "https://registry.npm.taobao.org/supports-color/download/supports-color-5.5.0.tgz"
            }
          }
        },
        "cli-cursor": {
          "version": "https://registry.npm.taobao.org/cli-cursor/download/cli-cursor-2.1.0.tgz",
          "bundled": true
        },
        "cli-width": {
          "version": "https://registry.npm.taobao.org/cli-width/download/cli-width-2.2.0.tgz",
          "bundled": true
        },
        "external-editor": {
          "version": "https://registry.npm.taobao.org/external-editor/download/external-editor-3.0.3.tgz",
          "bundled": true
        },
        "figures": {
          "version": "https://registry.npm.taobao.org/figures/download/figures-2.0.0.tgz",
          "bundled": true
        },
        "lodash": {
          "version": "https://registry.npm.taobao.org/lodash/download/lodash-4.17.11.tgz",
          "bundled": true
        },
        "mute-stream": {
          "version": "https://registry.npm.taobao.org/mute-stream/download/mute-stream-0.0.7.tgz",
          "bundled": true
        },
        "run-async": {
          "version": "https://registry.npm.taobao.org/run-async/download/run-async-2.3.0.tgz",
          "bundled": true
        },
        "rxjs": {
          "version": "https://registry.npm.taobao.org/rxjs/download/rxjs-6.5.1.tgz",
          "bundled": true
        },
        "string-width": {
          "version": "https://registry.npm.taobao.org/string-width/download/string-width-2.1.1.tgz",
          "bundled": true,
          "dependencies": {
            "is-fullwidth-code-point": {
              "version": "https://registry.npm.taobao.org/is-fullwidth-code-point/download/is-fullwidth-code-point-2.0.0.tgz?cache=0&other_urls=https%3A%2F%2Fregistry.npm.taobao.org%2Fis-fullwidth-code-point%2Fdownload%2Fis-fullwidth-code-point-2.0.0.tgz"
            },
            "strip-ansi": {
              "version": "https://registry.npm.taobao.org/strip-ansi/download/strip-ansi-4.0.0.tgz"
            }
          }
        },
        "strip-ansi": {
          "version": "https://registry.npm.taobao.org/strip-ansi/download/strip-ansi-5.2.0.tgz",
          "bundled": true,
          "dependencies": {
            "ansi-regex": {
              "version": "https://registry.npm.taobao.org/ansi-regex/download/ansi-regex-4.1.0.tgz?cache=0&other_urls=https%3A%2F%2Fregistry.npm.taobao.org%2Fansi-regex%2Fdownload%2Fansi-regex-4.1.0.tgz"
            }
          }
        },
        "through": {
          "version": "https://registry.npm.taobao.org/through/download/through-2.3.8.tgz",
          "bundled": true
        }
      }
    },
    "ora": {
      "version": "3.4.0",
      "resolved": "https://registry.npm.taobao.org/ora/download/ora-3.4.0.tgz",
      "requires": {
        "chalk": "^2.4.2"
      },
      "dependencies": {
        "chalk": {
          "version": "https://registry.npm.taobao.org/chalk/download/chalk-2.4.2.tgz",
          "dependencies": {
            "ansi-styles": {
              "version": "https://registry.npm.taobao.org/ansi-styles/download/ansi-styles-3.2.1.tgz"
            },
            "escape-string-regexp": {
              "version": "https://registry.npm.taobao.org/escape-string-regexp/download/escape-string-regexp-1.0.5.tgz"
            },
            "supports-color": {
              "version": "https://registry.npm.taobao.org/supports-color/download/supports-color-5.5.0.tgz"
            }
          }
        },
        "cli-cursor": {
          "version": "https://registry.npm.taobao.org/cli-cursor/download/cli-cursor-2.1.0.tgz",
          "dependencies": {
            "restore-cursor": {
              "version": "https://registry.npm.taobao.org/restore-cursor/download/restore-cursor-2.0.0.tgz",
              "bundled": true
            }
          }
        },
        "cli-spinners": {
          "version": "https://registry.npm.taobao.org/cli-spinners/download/cli-spinners-2.1.0.tgz"
        },
        "log-symbols": {
          "version": "https://registry.npm.taobao.org/log-symbols/download/log-symbols-2.2.0.tgz"
        },
        "strip-ansi": {
          "version": "https://registry.npm.taobao.org/strip-ansi/download/strip-ansi-5.2.0.tgz"
        },
        "wcwidth": {
          "version": "https://registry.npm.taobao.org/wcwidth/download/wcwidth-1.0.1.tgz"
        }
      }
    },
    "typescript": {
      "version": "3.4.5",
      "resolved": "https://registry.npm.taobao.org/typescript/download/typescript-3.4.5.tgz",
      "dev": true
    }
  }
}
